{
  "requires": true,
  "lockfileVersion": 1,
  "dependencies": {
    "electron-photon": {
      "version": "1.1.6",
      "resolved": "https://registry.npmjs.org/electron-photon/-/electron-photon-1.1.6.tgz",
      "integrity": "sha512-vsOe7hKMdm2NkpdFRUcQSHSAf7YA8DVGgQbdmwNTvgRP3j3ajNPcmiF4vMa40tpalqKmnrZm6/T5pUz1OI+M/Q=="
    }
  }
}
